
Microsoft Visual Studio Solution File, Format Version 12.00
Project("{F2A71F9B-5D33-465A-A702-920D77279786}") = "HEAT_protocol_sim", "HEAT_protocol_sim\HEAT_protocol_sim.fsproj", "{7ABCA04A-012E-4E82-9667-F08C964D2232}"
EndProject
Global
	GlobalSection(SolutionConfigurationPlatforms) = preSolution
		Debug|Any CPU = Debug|Any CPU
		Release|Any CPU = Release|Any CPU
	EndGlobalSection
	GlobalSection(ProjectConfigurationPlatforms) = postSolution
		{7ABCA04A-012E-4E82-9667-F08C964D2232}.Debug|Any CPU.ActiveCfg = Debug|Any CPU
		{7ABCA04A-012E-4E82-9667-F08C964D2232}.Debug|Any CPU.Build.0 = Debug|Any CPU
		{7ABCA04A-012E-4E82-9667-F08C964D2232}.Release|Any CPU.ActiveCfg = Release|Any CPU
		{7ABCA04A-012E-4E82-9667-F08C964D2232}.Release|Any CPU.Build.0 = Release|Any CPU
	EndGlobalSection
EndGlobal
